
Microsoft Visual Studio Solution File, Format Version 12.00
# Visual Studio 15
VisualStudioVersion = 15.0.28307.645
MinimumVisualStudioVersion = 10.0.40219.1
Project("{FAE04EC0-301F-11D3-BF4B-00C04F79EFBC}") = "App1.Android", "App1\App1.Android\App1.Android.csproj", "{8E872190-DCD0-4732-BDDD-6151C4F660CE}"
EndProject
Project("{FAE04EC0-301F-11D3-BF4B-00C04F79EFBC}") = "App1.iOS", "App1\App1.iOS\App1.iOS.csproj", "{0F420793-AFC3-4133-A354-1BCC076B99F0}"
EndProject
Project("{FAE04EC0-301F-11D3-BF4B-00C04F79EFBC}") = "App1", "App1\App1\App1.csproj", "{1ED2B79A-EB08-4F99-9E70-5CF230B7CBD4}"
EndProject
Global
	GlobalSection(SolutionConfigurationPlatforms) = preSolution
		Ad-Hoc|Any CPU = Ad-Hoc|Any CPU
		Ad-Hoc|iPhone = Ad-Hoc|iPhone
		Ad-Hoc|iPhoneSimulator = Ad-Hoc|iPhoneSimulator
		AppStore|Any CPU = AppStore|Any CPU
		AppStore|iPhone = AppStore|iPhone
		AppStore|iPhoneSimulator = AppStore|iPhoneSimulator
		Debug|Any CPU = Debug|Any CPU
		Debug|iPhone = Debug|iPhone
		Debug|iPhoneSimulator = Debug|iPhoneSimulator
		Release|Any CPU = Release|Any CPU
		Release|iPhone = Release|iPhone
		Release|iPhoneSimulator = Release|iPhoneSimulator
	EndGlobalSection
	GlobalSection(ProjectConfigurationPlatforms) = postSolution
		{8E872190-DCD0-4732-BDDD-6151C4F660CE}.Ad-Hoc|Any CPU.ActiveCfg = Release|Any CPU
		{8E872190-DCD0-4732-BDDD-6151C4F660CE}.Ad-Hoc|Any CPU.Build.0 = Release|Any CPU
		{8E872190-DCD0-4732-BDDD-6151C4F660CE}.Ad-Hoc|Any CPU.Deploy.0 = Release|Any CPU
		{8E872190-DCD0-4732-BDDD-6151C4F660CE}.Ad-Hoc|iPhone.ActiveCfg = Release|Any CPU
		{8E872190-DCD0-4732-BDDD-6151C4F660CE}.Ad-Hoc|iPhone.Build.0 = Release|Any CPU
		{8E872190-DCD0-4732-BDDD-6151C4F660CE}.Ad-Hoc|iPhone.Deploy.0 = Release|Any CPU
		{8E872190-DCD0-4732-BDDD-6151C4F660CE}.Ad-Hoc|iPhoneSimulator.ActiveCfg = Release|Any CPU
		{8E872190-DCD0-4732-BDDD-6151C4F660CE}.Ad-Hoc|iPhoneSimulator.Build.0 = Release|Any CPU
		{8E872190-DCD0-4732-BDDD-6151C4F660CE}.Ad-Hoc|iPhoneSimulator.Deploy.0 = Release|Any CPU
		{8E872190-DCD0-4732-BDDD-6151C4F660CE}.AppStore|Any CPU.ActiveCfg = Release|Any CPU
		{8E872190-DCD0-4732-BDDD-6151C4F660CE}.AppStore|Any CPU.Build.0 = Release|Any CPU
		{8E872190-DCD0-4732-BDDD-6151C4F660CE}.AppStore|Any CPU.Deploy.0 = Release|Any CPU
		{8E872190-DCD0-4732-BDDD-6151C4F660CE}.AppStore|iPhone.ActiveCfg = Release|Any CPU
		{8E872190-DCD0-4732-BDDD-6151C4F660CE}.AppStore|iPhone.Build.0 = Release|Any CPU
		{8E872190-DCD0-4732-BDDD-6151C4F660CE}.AppStore|iPhone.Deploy.0 = Release|Any CPU
		{8E872190-DCD0-4732-BDDD-6151C4F660CE}.AppStore|iPhoneSimulator.ActiveCfg = Release|Any CPU
		{8E872190-DCD0-4732-BDDD-6151C4F660CE}.AppStore|iPhoneSimulator.Build.0 = Release|Any CPU
		{8E872190-DCD0-4732-BDDD-6151C4F660CE}.AppStore|iPhoneSimulator.Deploy.0 = Release|Any CPU
		{8E872190-DCD0-4732-BDDD-6151C4F660CE}.Debug|Any CPU.ActiveCfg = Debug|Any CPU
		{8E872190-DCD0-4732-BDDD-6151C4F660CE}.Debug|Any CPU.Build.0 = Debug|Any CPU
		{8E872190-DCD0-4732-BDDD-6151C4F660CE}.Debug|Any CPU.Deploy.0 = Debug|Any CPU
		{8E872190-DCD0-4732-BDDD-6151C4F660CE}.Debug|iPhone.ActiveCfg = Debug|Any CPU
		{8E872190-DCD0-4732-BDDD-6151C4F660CE}.Debug|iPhone.Build.0 = Debug|Any CPU
		{8E872190-DCD0-4732-BDDD-6151C4F660CE}.Debug|iPhone.Deploy.0 = Debug|Any CPU
		{8E872190-DCD0-4732-BDDD-6151C4F660CE}.Debug|iPhoneSimulator.ActiveCfg = Debug|Any CPU
		{8E872190-DCD0-4732-BDDD-6151C4F660CE}.Debug|iPhoneSimulator.Build.0 = Debug|Any CPU
		{8E872190-DCD0-4732-BDDD-6151C4F660CE}.Debug|iPhoneSimulator.Deploy.0 = Debug|Any CPU
		{8E872190-DCD0-4732-BDDD-6151C4F660CE}.Release|Any CPU.ActiveCfg = Release|Any CPU
		{8E872190-DCD0-4732-BDDD-6151C4F660CE}.Release|Any CPU.Build.0 = Release|Any CPU
		{8E872190-DCD0-4732-BDDD-6151C4F660CE}.Release|Any CPU.Deploy.0 = Release|Any CPU
		{8E872190-DCD0-4732-BDDD-6151C4F660CE}.Release|iPhone.ActiveCfg = Release|Any CPU
		{8E872190-DCD0-4732-BDDD-6151C4F660CE}.Release|iPhone.Build.0 = Release|Any CPU
		{8E872190-DCD0-4732-BDDD-6151C4F660CE}.Release|iPhone.Deploy.0 = Release|Any CPU
		{8E872190-DCD0-4732-BDDD-6151C4F660CE}.Release|iPhoneSimulator.ActiveCfg = Release|Any CPU
		{8E872190-DCD0-4732-BDDD-6151C4F660CE}.Release|iPhoneSimulator.Build.0 = Release|Any CPU
		{8E872190-DCD0-4732-BDDD-6151C4F660CE}.Release|iPhoneSimulator.Deploy.0 = Release|Any CPU
		{0F420793-AFC3-4133-A354-1BCC076B99F0}.Ad-Hoc|Any CPU.ActiveCfg = Ad-Hoc|iPhone
		{0F420793-AFC3-4133-A354-1BCC076B99F0}.Ad-Hoc|Any CPU.Build.0 = Ad-Hoc|iPhone
		{0F420793-AFC3-4133-A354-1BCC076B99F0}.Ad-Hoc|Any CPU.Deploy.0 = Ad-Hoc|iPhone
		{0F420793-AFC3-4133-A354-1BCC076B99F0}.Ad-Hoc|iPhone.ActiveCfg = Ad-Hoc|iPhone
		{0F420793-AFC3-4133-A354-1BCC076B99F0}.Ad-Hoc|iPhone.Build.0 = Ad-Hoc|iPhone
		{0F420793-AFC3-4133-A354-1BCC076B99F0}.Ad-Hoc|iPhone.Deploy.0 = Ad-Hoc|iPhone
		{0F420793-AFC3-4133-A354-1BCC076B99F0}.Ad-Hoc|iPhoneSimulator.ActiveCfg = Ad-Hoc|iPhoneSimulator
		{0F420793-AFC3-4133-A354-1BCC076B99F0}.Ad-Hoc|iPhoneSimulator.Build.0 = Ad-Hoc|iPhoneSimulator
		{0F420793-AFC3-4133-A354-1BCC076B99F0}.Ad-Hoc|iPhoneSimulator.Deploy.0 = Ad-Hoc|iPhoneSimulator
		{0F420793-AFC3-4133-A354-1BCC076B99F0}.AppStore|Any CPU.ActiveCfg = AppStore|iPhone
		{0F420793-AFC3-4133-A354-1BCC076B99F0}.AppStore|Any CPU.Build.0 = AppStore|iPhone
		{0F420793-AFC3-4133-A354-1BCC076B99F0}.AppStore|Any CPU.Deploy.0 = AppStore|iPhone
		{0F420793-AFC3-4133-A354-1BCC076B99F0}.AppStore|iPhone.ActiveCfg = AppStore|iPhone
		{0F420793-AFC3-4133-A354-1BCC076B99F0}.AppStore|iPhone.Build.0 = AppStore|iPhone
		{0F420793-AFC3-4133-A354-1BCC076B99F0}.AppStore|iPhone.Deploy.0 = AppStore|iPhone
		{0F420793-AFC3-4133-A354-1BCC076B99F0}.AppStore|iPhoneSimulator.ActiveCfg = AppStore|iPhoneSimulator
		{0F420793-AFC3-4133-A354-1BCC076B99F0}.AppStore|iPhoneSimulator.Build.0 = AppStore|iPhoneSimulator
		{0F420793-AFC3-4133-A354-1BCC076B99F0}.AppStore|iPhoneSimulator.Deploy.0 = AppStore|iPhoneSimulator
		{0F420793-AFC3-4133-A354-1BCC076B99F0}.Debug|Any CPU.ActiveCfg = Debug|iPhoneSimulator
		{0F420793-AFC3-4133-A354-1BCC076B99F0}.Debug|Any CPU.Build.0 = Debug|iPhoneSimulator
		{0F420793-AFC3-4133-A354-1BCC076B99F0}.Debug|Any CPU.Deploy.0 = Debug|iPhoneSimulator
		{0F420793-AFC3-4133-A354-1BCC076B99F0}.Debug|iPhone.ActiveCfg = Debug|iPhone
		{0F420793-AFC3-4133-A354-1BCC076B99F0}.Debug|iPhone.Build.0 = Debug|iPhone
		{0F420793-AFC3-4133-A354-1BCC076B99F0}.Debug|iPhone.Deploy.0 = Debug|iPhone
		{0F420793-AFC3-4133-A354-1BCC076B99F0}.Debug|iPhoneSimulator.ActiveCfg = Debug|iPhoneSimulator
		{0F420793-AFC3-4133-A354-1BCC076B99F0}.Debug|iPhoneSimulator.Build.0 = Debug|iPhoneSimulator
		{0F420793-AFC3-4133-A354-1BCC076B99F0}.Debug|iPhoneSimulator.Deploy.0 = Debug|iPhoneSimulator
		{0F420793-AFC3-4133-A354-1BCC076B99F0}.Release|Any CPU.ActiveCfg = Release|iPhone
		{0F420793-AFC3-4133-A354-1BCC076B99F0}.Release|Any CPU.Build.0 = Release|iPhone
		{0F420793-AFC3-4133-A354-1BCC076B99F0}.Release|Any CPU.Deploy.0 = Release|iPhone
		{0F420793-AFC3-4133-A354-1BCC076B99F0}.Release|iPhone.ActiveCfg = Release|iPhone
		{0F420793-AFC3-4133-A354-1BCC076B99F0}.Release|iPhone.Build.0 = Release|iPhone
		{0F420793-AFC3-4133-A354-1BCC076B99F0}.Release|iPhone.Deploy.0 = Release|iPhone
		{0F420793-AFC3-4133-A354-1BCC076B99F0}.Release|iPhoneSimulator.ActiveCfg = Release|iPhoneSimulator
		{0F420793-AFC3-4133-A354-1BCC076B99F0}.Release|iPhoneSimulator.Build.0 = Release|iPhoneSimulator
		{0F420793-AFC3-4133-A354-1BCC076B99F0}.Release|iPhoneSimulator.Deploy.0 = Release|iPhoneSimulator
		{1ED2B79A-EB08-4F99-9E70-5CF230B7CBD4}.Ad-Hoc|Any CPU.ActiveCfg = Debug|Any CPU
		{1ED2B79A-EB08-4F99-9E70-5CF230B7CBD4}.Ad-Hoc|Any CPU.Build.0 = Debug|Any CPU
		{1ED2B79A-EB08-4F99-9E70-5CF230B7CBD4}.Ad-Hoc|Any CPU.Deploy.0 = Debug|Any CPU
		{1ED2B79A-EB08-4F99-9E70-5CF230B7CBD4}.Ad-Hoc|iPhone.ActiveCfg = Debug|Any CPU
		{1ED2B79A-EB08-4F99-9E70-5CF230B7CBD4}.Ad-Hoc|iPhone.Build.0 = Debug|Any CPU
		{1ED2B79A-EB08-4F99-9E70-5CF230B7CBD4}.Ad-Hoc|iPhone.Deploy.0 = Debug|Any CPU
		{1ED2B79A-EB08-4F99-9E70-5CF230B7CBD4}.Ad-Hoc|iPhoneSimulator.ActiveCfg = Debug|Any CPU
		{1ED2B79A-EB08-4F99-9E70-5CF230B7CBD4}.Ad-Hoc|iPhoneSimulator.Build.0 = Debug|Any CPU
		{1ED2B79A-EB08-4F99-9E70-5CF230B7CBD4}.Ad-Hoc|iPhoneSimulator.Deploy.0 = Debug|Any CPU
		{1ED2B79A-EB08-4F99-9E70-5CF230B7CBD4}.AppStore|Any CPU.ActiveCfg = Debug|Any CPU
		{1ED2B79A-EB08-4F99-9E70-5CF230B7CBD4}.AppStore|Any CPU.Build.0 = Debug|Any CPU
		{1ED2B79A-EB08-4F99-9E70-5CF230B7CBD4}.AppStore|Any CPU.Deploy.0 = Debug|Any CPU
		{1ED2B79A-EB08-4F99-9E70-5CF230B7CBD4}.AppStore|iPhone.ActiveCfg = Debug|Any CPU
		{1ED2B79A-EB08-4F99-9E70-5CF230B7CBD4}.AppStore|iPhone.Build.0 = Debug|Any CPU
		{1ED2B79A-EB08-4F99-9E70-5CF230B7CBD4}.AppStore|iPhone.Deploy.0 = Debug|Any CPU
		{1ED2B79A-EB08-4F99-9E70-5CF230B7CBD4}.AppStore|iPhoneSimulator.ActiveCfg = Debug|Any CPU
		{1ED2B79A-EB08-4F99-9E70-5CF230B7CBD4}.AppStore|iPhoneSimulator.Build.0 = Debug|Any CPU
		{1ED2B79A-EB08-4F99-9E70-5CF230B7CBD4}.AppStore|iPhoneSimulator.Deploy.0 = Debug|Any CPU
		{1ED2B79A-EB08-4F99-9E70-5CF230B7CBD4}.Debug|Any CPU.ActiveCfg = Debug|Any CPU
		{1ED2B79A-EB08-4F99-9E70-5CF230B7CBD4}.Debug|Any CPU.Build.0 = Debug|Any CPU
		{1ED2B79A-EB08-4F99-9E70-5CF230B7CBD4}.Debug|Any CPU.Deploy.0 = Debug|Any CPU
		{1ED2B79A-EB08-4F99-9E70-5CF230B7CBD4}.Debug|iPhone.ActiveCfg = Debug|Any CPU
		{1ED2B79A-EB08-4F99-9E70-5CF230B7CBD4}.Debug|iPhone.Build.0 = Debug|Any CPU
		{1ED2B79A-EB08-4F99-9E70-5CF230B7CBD4}.Debug|iPhone.Deploy.0 = Debug|Any CPU
		{1ED2B79A-EB08-4F99-9E70-5CF230B7CBD4}.Debug|iPhoneSimulator.ActiveCfg = Debug|Any CPU
		{1ED2B79A-EB08-4F99-9E70-5CF230B7CBD4}.Debug|iPhoneSimulator.Build.0 = Debug|Any CPU
		{1ED2B79A-EB08-4F99-9E70-5CF230B7CBD4}.Debug|iPhoneSimulator.Deploy.0 = Debug|Any CPU
		{1ED2B79A-EB08-4F99-9E70-5CF230B7CBD4}.Release|Any CPU.ActiveCfg = Release|Any CPU
		{1ED2B79A-EB08-4F99-9E70-5CF230B7CBD4}.Release|Any CPU.Build.0 = Release|Any CPU
		{1ED2B79A-EB08-4F99-9E70-5CF230B7CBD4}.Release|Any CPU.Deploy.0 = Release|Any CPU
		{1ED2B79A-EB08-4F99-9E70-5CF230B7CBD4}.Release|iPhone.ActiveCfg = Release|Any CPU
		{1ED2B79A-EB08-4F99-9E70-5CF230B7CBD4}.Release|iPhone.Build.0 = Release|Any CPU
		{1ED2B79A-EB08-4F99-9E70-5CF230B7CBD4}.Release|iPhone.Deploy.0 = Release|Any CPU
		{1ED2B79A-EB08-4F99-9E70-5CF230B7CBD4}.Release|iPhoneSimulator.ActiveCfg = Release|Any CPU
		{1ED2B79A-EB08-4F99-9E70-5CF230B7CBD4}.Release|iPhoneSimulator.Build.0 = Release|Any CPU
		{1ED2B79A-EB08-4F99-9E70-5CF230B7CBD4}.Release|iPhoneSimulator.Deploy.0 = Release|Any CPU
	EndGlobalSection
	GlobalSection(SolutionProperties) = preSolution
		HideSolutionNode = FALSE
	EndGlobalSection
	GlobalSection(ExtensibilityGlobals) = postSolution
		SolutionGuid = {6DA45B53-4EF0-46D0-B757-2CDC6E8F2642}
	EndGlobalSection
EndGlobal
